
Microsoft Visual Studio Solution File, Format Version 12.00
# Visual Studio 15
VisualStudioVersion = 15.0.27130.2010
MinimumVisualStudioVersion = 10.0.40219.1
Project("{8BC9CEB8-8B4A-11D0-8D11-00A0C91BC942}") = "HW7-1", "HW7-1\HW7-1.vcxproj", "{F265B836-C2C8-4BAB-86FC-F800F64311EF}"
EndProject
Global
	GlobalSection(SolutionConfigurationPlatforms) = preSolution
		Debug|x64 = Debug|x64
		Debug|x86 = Debug|x86
		Release|x64 = Release|x64
		Release|x86 = Release|x86
	EndGlobalSection
	GlobalSection(ProjectConfigurationPlatforms) = postSolution
		{F265B836-C2C8-4BAB-86FC-F800F64311EF}.Debug|x64.ActiveCfg = Debug|x64
		{F265B836-C2C8-4BAB-86FC-F800F64311EF}.Debug|x64.Build.0 = Debug|x64
		{F265B836-C2C8-4BAB-86FC-F800F64311EF}.Debug|x86.ActiveCfg = Debug|Win32
		{F265B836-C2C8-4BAB-86FC-F800F64311EF}.Debug|x86.Build.0 = Debug|Win32
		{F265B836-C2C8-4BAB-86FC-F800F64311EF}.Release|x64.ActiveCfg = Release|x64
		{F265B836-C2C8-4BAB-86FC-F800F64311EF}.Release|x64.Build.0 = Release|x64
		{F265B836-C2C8-4BAB-86FC-F800F64311EF}.Release|x86.ActiveCfg = Release|Win32
		{F265B836-C2C8-4BAB-86FC-F800F64311EF}.Release|x86.Build.0 = Release|Win32
	EndGlobalSection
	GlobalSection(SolutionProperties) = preSolution
		HideSolutionNode = FALSE
	EndGlobalSection
	GlobalSection(ExtensibilityGlobals) = postSolution
		SolutionGuid = {E36F0727-91F6-445D-AA41-9E7F729B04F1}
	EndGlobalSection
EndGlobal
