
Microsoft Visual Studio Solution File, Format Version 12.00
# Visual Studio 15
VisualStudioVersion = 15.0.27130.2010
MinimumVisualStudioVersion = 10.0.40219.1
Project("{8BC9CEB8-8B4A-11D0-8D11-00A0C91BC942}") = "Quiz17", "Quiz17\Quiz17.vcxproj", "{DC0917A1-E73F-48BC-8A8F-DA30A39EB913}"
EndProject
Global
	GlobalSection(SolutionConfigurationPlatforms) = preSolution
		Debug|x64 = Debug|x64
		Debug|x86 = Debug|x86
		Release|x64 = Release|x64
		Release|x86 = Release|x86
	EndGlobalSection
	GlobalSection(ProjectConfigurationPlatforms) = postSolution
		{DC0917A1-E73F-48BC-8A8F-DA30A39EB913}.Debug|x64.ActiveCfg = Debug|x64
		{DC0917A1-E73F-48BC-8A8F-DA30A39EB913}.Debug|x64.Build.0 = Debug|x64
		{DC0917A1-E73F-48BC-8A8F-DA30A39EB913}.Debug|x86.ActiveCfg = Debug|Win32
		{DC0917A1-E73F-48BC-8A8F-DA30A39EB913}.Debug|x86.Build.0 = Debug|Win32
		{DC0917A1-E73F-48BC-8A8F-DA30A39EB913}.Release|x64.ActiveCfg = Release|x64
		{DC0917A1-E73F-48BC-8A8F-DA30A39EB913}.Release|x64.Build.0 = Release|x64
		{DC0917A1-E73F-48BC-8A8F-DA30A39EB913}.Release|x86.ActiveCfg = Release|Win32
		{DC0917A1-E73F-48BC-8A8F-DA30A39EB913}.Release|x86.Build.0 = Release|Win32
	EndGlobalSection
	GlobalSection(SolutionProperties) = preSolution
		HideSolutionNode = FALSE
	EndGlobalSection
	GlobalSection(ExtensibilityGlobals) = postSolution
		SolutionGuid = {60DF9B1D-53D1-4AC8-9B71-7AB8BBB9C9CE}
	EndGlobalSection
EndGlobal
