
Microsoft Visual Studio Solution File, Format Version 12.00
# Visual Studio 15
VisualStudioVersion = 15.0.27130.2010
MinimumVisualStudioVersion = 10.0.40219.1
Project("{8BC9CEB8-8B4A-11D0-8D11-00A0C91BC942}") = "Quiz19", "Quiz19\Quiz19.vcxproj", "{EE59EAF7-964B-4825-8568-BECE3B00BEAA}"
EndProject
Global
	GlobalSection(SolutionConfigurationPlatforms) = preSolution
		Debug|x64 = Debug|x64
		Debug|x86 = Debug|x86
		Release|x64 = Release|x64
		Release|x86 = Release|x86
	EndGlobalSection
	GlobalSection(ProjectConfigurationPlatforms) = postSolution
		{EE59EAF7-964B-4825-8568-BECE3B00BEAA}.Debug|x64.ActiveCfg = Debug|x64
		{EE59EAF7-964B-4825-8568-BECE3B00BEAA}.Debug|x64.Build.0 = Debug|x64
		{EE59EAF7-964B-4825-8568-BECE3B00BEAA}.Debug|x86.ActiveCfg = Debug|Win32
		{EE59EAF7-964B-4825-8568-BECE3B00BEAA}.Debug|x86.Build.0 = Debug|Win32
		{EE59EAF7-964B-4825-8568-BECE3B00BEAA}.Release|x64.ActiveCfg = Release|x64
		{EE59EAF7-964B-4825-8568-BECE3B00BEAA}.Release|x64.Build.0 = Release|x64
		{EE59EAF7-964B-4825-8568-BECE3B00BEAA}.Release|x86.ActiveCfg = Release|Win32
		{EE59EAF7-964B-4825-8568-BECE3B00BEAA}.Release|x86.Build.0 = Release|Win32
	EndGlobalSection
	GlobalSection(SolutionProperties) = preSolution
		HideSolutionNode = FALSE
	EndGlobalSection
	GlobalSection(ExtensibilityGlobals) = postSolution
		SolutionGuid = {A51AAC26-7790-491E-A705-C03CE9A3AA3D}
	EndGlobalSection
EndGlobal
