
Microsoft Visual Studio Solution File, Format Version 12.00
# Visual Studio 15
VisualStudioVersion = 15.0.27130.2010
MinimumVisualStudioVersion = 10.0.40219.1
Project("{8BC9CEB8-8B4A-11D0-8D11-00A0C91BC942}") = "Quiz6", "Quiz6\Quiz6.vcxproj", "{3CDAC560-1129-4ECE-979E-8A8F55F9B10C}"
EndProject
Global
	GlobalSection(SolutionConfigurationPlatforms) = preSolution
		Debug|x64 = Debug|x64
		Debug|x86 = Debug|x86
		Release|x64 = Release|x64
		Release|x86 = Release|x86
	EndGlobalSection
	GlobalSection(ProjectConfigurationPlatforms) = postSolution
		{3CDAC560-1129-4ECE-979E-8A8F55F9B10C}.Debug|x64.ActiveCfg = Debug|x64
		{3CDAC560-1129-4ECE-979E-8A8F55F9B10C}.Debug|x64.Build.0 = Debug|x64
		{3CDAC560-1129-4ECE-979E-8A8F55F9B10C}.Debug|x86.ActiveCfg = Debug|Win32
		{3CDAC560-1129-4ECE-979E-8A8F55F9B10C}.Debug|x86.Build.0 = Debug|Win32
		{3CDAC560-1129-4ECE-979E-8A8F55F9B10C}.Release|x64.ActiveCfg = Release|x64
		{3CDAC560-1129-4ECE-979E-8A8F55F9B10C}.Release|x64.Build.0 = Release|x64
		{3CDAC560-1129-4ECE-979E-8A8F55F9B10C}.Release|x86.ActiveCfg = Release|Win32
		{3CDAC560-1129-4ECE-979E-8A8F55F9B10C}.Release|x86.Build.0 = Release|Win32
	EndGlobalSection
	GlobalSection(SolutionProperties) = preSolution
		HideSolutionNode = FALSE
	EndGlobalSection
	GlobalSection(ExtensibilityGlobals) = postSolution
		SolutionGuid = {7F312612-24B9-4233-8124-21A042395051}
	EndGlobalSection
EndGlobal
